
Microsoft Visual Studio Solution File, Format Version 12.00
# Visual Studio 15
VisualStudioVersion = 15.0.27703.2035
MinimumVisualStudioVersion = 10.0.40219.1
Project("{FAE04EC0-301F-11D3-BF4B-00C04F79EFBC}") = "Task3", "Task3\Task3.csproj", "{DE16E501-BCB1-4D07-9782-69387D2E3EC6}"
EndProject
Global
	GlobalSection(SolutionConfigurationPlatforms) = preSolution
		Debug|Any CPU = Debug|Any CPU
		Release|Any CPU = Release|Any CPU
	EndGlobalSection
	GlobalSection(ProjectConfigurationPlatforms) = postSolution
		{DE16E501-BCB1-4D07-9782-69387D2E3EC6}.Debug|Any CPU.ActiveCfg = Debug|Any CPU
		{DE16E501-BCB1-4D07-9782-69387D2E3EC6}.Debug|Any CPU.Build.0 = Debug|Any CPU
		{DE16E501-BCB1-4D07-9782-69387D2E3EC6}.Release|Any CPU.ActiveCfg = Release|Any CPU
		{DE16E501-BCB1-4D07-9782-69387D2E3EC6}.Release|Any CPU.Build.0 = Release|Any CPU
	EndGlobalSection
	GlobalSection(SolutionProperties) = preSolution
		HideSolutionNode = FALSE
	EndGlobalSection
	GlobalSection(ExtensibilityGlobals) = postSolution
		SolutionGuid = {47800AB7-3F4A-4C5C-8740-68F61B31CCAB}
	EndGlobalSection
EndGlobal
