
Microsoft Visual Studio Solution File, Format Version 12.00
# Visual Studio 15
VisualStudioVersion = 15.0.27703.2035
MinimumVisualStudioVersion = 10.0.40219.1
Project("{FAE04EC0-301F-11D3-BF4B-00C04F79EFBC}") = "Task2", "Task2\Task2.csproj", "{9661DE0E-D1A4-4F7D-88FE-B709031D6EFD}"
EndProject
Global
	GlobalSection(SolutionConfigurationPlatforms) = preSolution
		Debug|Any CPU = Debug|Any CPU
		Release|Any CPU = Release|Any CPU
	EndGlobalSection
	GlobalSection(ProjectConfigurationPlatforms) = postSolution
		{9661DE0E-D1A4-4F7D-88FE-B709031D6EFD}.Debug|Any CPU.ActiveCfg = Debug|Any CPU
		{9661DE0E-D1A4-4F7D-88FE-B709031D6EFD}.Debug|Any CPU.Build.0 = Debug|Any CPU
		{9661DE0E-D1A4-4F7D-88FE-B709031D6EFD}.Release|Any CPU.ActiveCfg = Release|Any CPU
		{9661DE0E-D1A4-4F7D-88FE-B709031D6EFD}.Release|Any CPU.Build.0 = Release|Any CPU
	EndGlobalSection
	GlobalSection(SolutionProperties) = preSolution
		HideSolutionNode = FALSE
	EndGlobalSection
	GlobalSection(ExtensibilityGlobals) = postSolution
		SolutionGuid = {EC2BD192-5E2B-4FBF-ACBE-5912460E5A74}
	EndGlobalSection
EndGlobal
